
Microsoft Visual Studio Solution File, Format Version 12.00
# Visual Studio Version 16
VisualStudioVersion = 16.0.30907.101
MinimumVisualStudioVersion = 10.0.40219.1
Project("{9A19103F-16F7-4668-BE54-9A1E7A4F7556}") = "CNCIndustrial.WebApp", "CNCIndustrial.WebApp\CNCIndustrial.WebApp.csproj", "{8387DF28-F113-435E-8229-5E78A02AD7EC}"
EndProject
Project("{2150E333-8FDC-42A3-9474-1A3956D46DE8}") = "0.Solution Items", "0.Solution Items", "{755A037C-5FD3-4B1A-B0FE-14D7BB933AFF}"
	ProjectSection(SolutionItems) = preProject
		README.md = README.md
	EndProjectSection
EndProject
Project("{9A19103F-16F7-4668-BE54-9A1E7A4F7556}") = "CNCIndustrial.Data", "CNCIndustrial.Data\CNCIndustrial.Data.csproj", "{29E42B25-A182-41B8-8730-5133FD89FF50}"
EndProject
Project("{9A19103F-16F7-4668-BE54-9A1E7A4F7556}") = "CNCIndustrial.Application", "CNCIndustrial.Application\CNCIndustrial.Application.csproj", "{202A04DE-D705-47AF-B212-A54EFDA31368}"
EndProject
Project("{9A19103F-16F7-4668-BE54-9A1E7A4F7556}") = "CncIndustrial.Utilities", "CncIndustrial.Utilities\CncIndustrial.Utilities.csproj", "{95131565-CD6B-4242-B6A0-94AFB5132BED}"
EndProject
Project("{9A19103F-16F7-4668-BE54-9A1E7A4F7556}") = "CncIndustrial.ViewModels", "CncIndustrial.ViewModels\CncIndustrial.ViewModels.csproj", "{A0E6984D-B281-406F-AD6B-B474EE8FDA39}"
EndProject
Project("{9A19103F-16F7-4668-BE54-9A1E7A4F7556}") = "CncIndustrial.BackendApi", "CncIndustrial.BackendApi\CncIndustrial.BackendApi.csproj", "{2808FEDC-4F84-4A3E-89EC-DED8D76E3709}"
EndProject
Project("{9A19103F-16F7-4668-BE54-9A1E7A4F7556}") = "CncIndustrial.AdminApp", "CncIndustrial.AdminApp\CncIndustrial.AdminApp.csproj", "{FABBAF73-C304-4F45-8188-26A1D8ABE6FC}"
EndProject
Project("{2150E333-8FDC-42A3-9474-1A3956D46DE8}") = "1.Infrastructure", "1.Infrastructure", "{02DB36FF-472F-48AA-A3F0-06B6DC0DA71E}"
EndProject
Project("{2150E333-8FDC-42A3-9474-1A3956D46DE8}") = "2.Domain", "2.Domain", "{F817EFEF-672C-4013-9105-654266395CB6}"
EndProject
Project("{2150E333-8FDC-42A3-9474-1A3956D46DE8}") = "Hosts", "Hosts", "{F6EFE601-05C2-456B-8140-B1E19CA27B07}"
EndProject
Project("{FAE04EC0-301F-11D3-BF4B-00C04F79EFBC}") = "CncIndustrial.ApiIntegration", "CncIndustrial.ApiIntegration\CncIndustrial.ApiIntegration.csproj", "{E7829AE0-F273-4969-8032-F557D9AE27C0}"
EndProject
Global
	GlobalSection(SolutionConfigurationPlatforms) = preSolution
		Debug|Any CPU = Debug|Any CPU
		Release|Any CPU = Release|Any CPU
	EndGlobalSection
	GlobalSection(ProjectConfigurationPlatforms) = postSolution
		{8387DF28-F113-435E-8229-5E78A02AD7EC}.Debug|Any CPU.ActiveCfg = Debug|Any CPU
		{8387DF28-F113-435E-8229-5E78A02AD7EC}.Debug|Any CPU.Build.0 = Debug|Any CPU
		{8387DF28-F113-435E-8229-5E78A02AD7EC}.Release|Any CPU.ActiveCfg = Release|Any CPU
		{8387DF28-F113-435E-8229-5E78A02AD7EC}.Release|Any CPU.Build.0 = Release|Any CPU
		{29E42B25-A182-41B8-8730-5133FD89FF50}.Debug|Any CPU.ActiveCfg = Debug|Any CPU
		{29E42B25-A182-41B8-8730-5133FD89FF50}.Debug|Any CPU.Build.0 = Debug|Any CPU
		{29E42B25-A182-41B8-8730-5133FD89FF50}.Release|Any CPU.ActiveCfg = Release|Any CPU
		{29E42B25-A182-41B8-8730-5133FD89FF50}.Release|Any CPU.Build.0 = Release|Any CPU
		{202A04DE-D705-47AF-B212-A54EFDA31368}.Debug|Any CPU.ActiveCfg = Debug|Any CPU
		{202A04DE-D705-47AF-B212-A54EFDA31368}.Debug|Any CPU.Build.0 = Debug|Any CPU
		{202A04DE-D705-47AF-B212-A54EFDA31368}.Release|Any CPU.ActiveCfg = Release|Any CPU
		{202A04DE-D705-47AF-B212-A54EFDA31368}.Release|Any CPU.Build.0 = Release|Any CPU
		{95131565-CD6B-4242-B6A0-94AFB5132BED}.Debug|Any CPU.ActiveCfg = Debug|Any CPU
		{95131565-CD6B-4242-B6A0-94AFB5132BED}.Debug|Any CPU.Build.0 = Debug|Any CPU
		{95131565-CD6B-4242-B6A0-94AFB5132BED}.Release|Any CPU.ActiveCfg = Release|Any CPU
		{95131565-CD6B-4242-B6A0-94AFB5132BED}.Release|Any CPU.Build.0 = Release|Any CPU
		{A0E6984D-B281-406F-AD6B-B474EE8FDA39}.Debug|Any CPU.ActiveCfg = Debug|Any CPU
		{A0E6984D-B281-406F-AD6B-B474EE8FDA39}.Debug|Any CPU.Build.0 = Debug|Any CPU
		{A0E6984D-B281-406F-AD6B-B474EE8FDA39}.Release|Any CPU.ActiveCfg = Release|Any CPU
		{A0E6984D-B281-406F-AD6B-B474EE8FDA39}.Release|Any CPU.Build.0 = Release|Any CPU
		{2808FEDC-4F84-4A3E-89EC-DED8D76E3709}.Debug|Any CPU.ActiveCfg = Debug|Any CPU
		{2808FEDC-4F84-4A3E-89EC-DED8D76E3709}.Debug|Any CPU.Build.0 = Debug|Any CPU
		{2808FEDC-4F84-4A3E-89EC-DED8D76E3709}.Release|Any CPU.ActiveCfg = Release|Any CPU
		{2808FEDC-4F84-4A3E-89EC-DED8D76E3709}.Release|Any CPU.Build.0 = Release|Any CPU
		{FABBAF73-C304-4F45-8188-26A1D8ABE6FC}.Debug|Any CPU.ActiveCfg = Debug|Any CPU
		{FABBAF73-C304-4F45-8188-26A1D8ABE6FC}.Debug|Any CPU.Build.0 = Debug|Any CPU
		{FABBAF73-C304-4F45-8188-26A1D8ABE6FC}.Release|Any CPU.ActiveCfg = Release|Any CPU
		{FABBAF73-C304-4F45-8188-26A1D8ABE6FC}.Release|Any CPU.Build.0 = Release|Any CPU
		{E7829AE0-F273-4969-8032-F557D9AE27C0}.Debug|Any CPU.ActiveCfg = Debug|Any CPU
		{E7829AE0-F273-4969-8032-F557D9AE27C0}.Debug|Any CPU.Build.0 = Debug|Any CPU
		{E7829AE0-F273-4969-8032-F557D9AE27C0}.Release|Any CPU.ActiveCfg = Release|Any CPU
		{E7829AE0-F273-4969-8032-F557D9AE27C0}.Release|Any CPU.Build.0 = Release|Any CPU
	EndGlobalSection
	GlobalSection(SolutionProperties) = preSolution
		HideSolutionNode = FALSE
	EndGlobalSection
	GlobalSection(NestedProjects) = preSolution
		{8387DF28-F113-435E-8229-5E78A02AD7EC} = {F6EFE601-05C2-456B-8140-B1E19CA27B07}
		{29E42B25-A182-41B8-8730-5133FD89FF50} = {F817EFEF-672C-4013-9105-654266395CB6}
		{202A04DE-D705-47AF-B212-A54EFDA31368} = {F817EFEF-672C-4013-9105-654266395CB6}
		{95131565-CD6B-4242-B6A0-94AFB5132BED} = {02DB36FF-472F-48AA-A3F0-06B6DC0DA71E}
		{A0E6984D-B281-406F-AD6B-B474EE8FDA39} = {02DB36FF-472F-48AA-A3F0-06B6DC0DA71E}
		{2808FEDC-4F84-4A3E-89EC-DED8D76E3709} = {F6EFE601-05C2-456B-8140-B1E19CA27B07}
		{FABBAF73-C304-4F45-8188-26A1D8ABE6FC} = {F6EFE601-05C2-456B-8140-B1E19CA27B07}
		{E7829AE0-F273-4969-8032-F557D9AE27C0} = {F6EFE601-05C2-456B-8140-B1E19CA27B07}
	EndGlobalSection
	GlobalSection(ExtensibilityGlobals) = postSolution
		SolutionGuid = {ED0BAEA4-8A34-4036-B4E2-0913A47F90B9}
	EndGlobalSection
EndGlobal
